
Microsoft Visual Studio Solution File, Format Version 12.00
# Visual Studio Version 16
VisualStudioVersion = 16.0.31105.61
MinimumVisualStudioVersion = 10.0.40219.1
Project("{FAE04EC0-301F-11D3-BF4B-00C04F79EFBC}") = "ClasDemo3CDelegate", "ClasDemo3CDelegate\ClasDemo3CDelegate.csproj", "{F7B99F90-11B9-4B63-A08D-FEA20A8E23CA}"
EndProject
Global
	GlobalSection(SolutionConfigurationPlatforms) = preSolution
		Debug|Any CPU = Debug|Any CPU
		Release|Any CPU = Release|Any CPU
	EndGlobalSection
	GlobalSection(ProjectConfigurationPlatforms) = postSolution
		{F7B99F90-11B9-4B63-A08D-FEA20A8E23CA}.Debug|Any CPU.ActiveCfg = Debug|Any CPU
		{F7B99F90-11B9-4B63-A08D-FEA20A8E23CA}.Debug|Any CPU.Build.0 = Debug|Any CPU
		{F7B99F90-11B9-4B63-A08D-FEA20A8E23CA}.Release|Any CPU.ActiveCfg = Release|Any CPU
		{F7B99F90-11B9-4B63-A08D-FEA20A8E23CA}.Release|Any CPU.Build.0 = Release|Any CPU
	EndGlobalSection
	GlobalSection(SolutionProperties) = preSolution
		HideSolutionNode = FALSE
	EndGlobalSection
	GlobalSection(ExtensibilityGlobals) = postSolution
		SolutionGuid = {6D8A09B2-113E-47A1-BE54-5EC31FB71B5D}
	EndGlobalSection
EndGlobal
